
Microsoft Visual Studio Solution File, Format Version 12.00
# Visual Studio Version 17
VisualStudioVersion = 17.0.31919.166
MinimumVisualStudioVersion = 10.0.40219.1
Project("{FAE04EC0-301F-11D3-BF4B-00C04F79EFBC}") = "Program 9", "Program 9.csproj", "{2FBAAABB-1BFD-437B-B0C8-8E3E837AC6CC}"
EndProject
Global
	GlobalSection(SolutionConfigurationPlatforms) = preSolution
		Debug|Any CPU = Debug|Any CPU
		Release|Any CPU = Release|Any CPU
	EndGlobalSection
	GlobalSection(ProjectConfigurationPlatforms) = postSolution
		{2FBAAABB-1BFD-437B-B0C8-8E3E837AC6CC}.Debug|Any CPU.ActiveCfg = Debug|Any CPU
		{2FBAAABB-1BFD-437B-B0C8-8E3E837AC6CC}.Debug|Any CPU.Build.0 = Debug|Any CPU
		{2FBAAABB-1BFD-437B-B0C8-8E3E837AC6CC}.Release|Any CPU.ActiveCfg = Release|Any CPU
		{2FBAAABB-1BFD-437B-B0C8-8E3E837AC6CC}.Release|Any CPU.Build.0 = Release|Any CPU
	EndGlobalSection
	GlobalSection(SolutionProperties) = preSolution
		HideSolutionNode = FALSE
	EndGlobalSection
	GlobalSection(ExtensibilityGlobals) = postSolution
		SolutionGuid = {848009DE-B95B-4295-874F-5ACE306D5FA8}
	EndGlobalSection
EndGlobal
